
Microsoft Visual Studio Solution File, Format Version 12.00
# Visual Studio Version 16
VisualStudioVersion = 16.0.30320.27
MinimumVisualStudioVersion = 10.0.40219.1
Project("{FAE04EC0-301F-11D3-BF4B-00C04F79EFBC}") = "StatePattern", "StatePattern.csproj", "{0B1E5008-61C0-4D81-99F7-E70A60863A79}"
EndProject
Global
	GlobalSection(SolutionConfigurationPlatforms) = preSolution
		Debug|Any CPU = Debug|Any CPU
		Release|Any CPU = Release|Any CPU
	EndGlobalSection
	GlobalSection(ProjectConfigurationPlatforms) = postSolution
		{0B1E5008-61C0-4D81-99F7-E70A60863A79}.Debug|Any CPU.ActiveCfg = Debug|Any CPU
		{0B1E5008-61C0-4D81-99F7-E70A60863A79}.Debug|Any CPU.Build.0 = Debug|Any CPU
		{0B1E5008-61C0-4D81-99F7-E70A60863A79}.Release|Any CPU.ActiveCfg = Release|Any CPU
		{0B1E5008-61C0-4D81-99F7-E70A60863A79}.Release|Any CPU.Build.0 = Release|Any CPU
	EndGlobalSection
	GlobalSection(SolutionProperties) = preSolution
		HideSolutionNode = FALSE
	EndGlobalSection
	GlobalSection(ExtensibilityGlobals) = postSolution
		SolutionGuid = {25671971-0694-458E-8645-8F087956E943}
	EndGlobalSection
EndGlobal
